
Microsoft Visual Studio Solution File, Format Version 12.00
# Visual Studio Version 17
VisualStudioVersion = 17.5.33627.172
MinimumVisualStudioVersion = 10.0.40219.1
Project("{FAE04EC0-301F-11D3-BF4B-00C04F79EFBC}") = "ITCoffee", "ITCoffee\ITCoffee.csproj", "{03287D34-80CF-4755-BBE5-BB63B3D7CA5E}"
EndProject
Global
	GlobalSection(SolutionConfigurationPlatforms) = preSolution
		Debug|Any CPU = Debug|Any CPU
		Release|Any CPU = Release|Any CPU
	EndGlobalSection
	GlobalSection(ProjectConfigurationPlatforms) = postSolution
		{03287D34-80CF-4755-BBE5-BB63B3D7CA5E}.Debug|Any CPU.ActiveCfg = Debug|Any CPU
		{03287D34-80CF-4755-BBE5-BB63B3D7CA5E}.Debug|Any CPU.Build.0 = Debug|Any CPU
		{03287D34-80CF-4755-BBE5-BB63B3D7CA5E}.Release|Any CPU.ActiveCfg = Release|Any CPU
		{03287D34-80CF-4755-BBE5-BB63B3D7CA5E}.Release|Any CPU.Build.0 = Release|Any CPU
	EndGlobalSection
	GlobalSection(SolutionProperties) = preSolution
		HideSolutionNode = FALSE
	EndGlobalSection
	GlobalSection(ExtensibilityGlobals) = postSolution
		SolutionGuid = {DF0E6227-A838-4281-B3DC-83A8838309E1}
	EndGlobalSection
EndGlobal
